
Microsoft Visual Studio Solution File, Format Version 12.00
# Visual Studio Version 17
VisualStudioVersion = 17.6.33829.357
MinimumVisualStudioVersion = 10.0.40219.1
Project("{9A19103F-16F7-4668-BE54-9A1E7A4F7556}") = "cosmos-db", "cosmos-db\cosmos-db.csproj", "{727C54F4-7159-405A-A66E-74578921C0C4}"
EndProject
Project("{2150E333-8FDC-42A3-9474-1A3956D46DE8}") = "1.CosmosDb", "1.CosmosDb", "{834A296F-B1B7-4F0D-9084-2219CF4D3C03}"
EndProject
Project("{2150E333-8FDC-42A3-9474-1A3956D46DE8}") = "2.Storage", "2.Storage", "{2E875FDA-48F4-4890-BEE7-494FD98561DE}"
EndProject
Project("{9A19103F-16F7-4668-BE54-9A1E7A4F7556}") = "storage", "storage\storage.csproj", "{1094DAA0-BCFA-40CE-9100-FC54832BAEA5}"
EndProject
Project("{9A19103F-16F7-4668-BE54-9A1E7A4F7556}") = "queue-storage-publish-subscribe", "3.QueueStorage\Publisher\queue-storage-publish-subscribe.csproj", "{A3AF759D-4EBA-4EF0-B489-0BDAC530E793}"
EndProject
Project("{2150E333-8FDC-42A3-9474-1A3956D46DE8}") = "3.StorageQueue", "3.StorageQueue", "{475A553E-BA66-4754-B10F-1907D5559120}"
EndProject
Project("{2150E333-8FDC-42A3-9474-1A3956D46DE8}") = "4.ServiceBus", "4.ServiceBus", "{6142B352-51BD-40E8-AB61-C9385F024C6B}"
EndProject
Project("{9A19103F-16F7-4668-BE54-9A1E7A4F7556}") = "publisher", "4.ServiceBus\publisher\publisher.csproj", "{2F1F8D5A-1574-45E7-8215-E3117AC69D72}"
EndProject
Project("{9A19103F-16F7-4668-BE54-9A1E7A4F7556}") = "consumer", "4.ServiceBus\consumer\consumer.csproj", "{337F3128-1184-4569-85D3-E40E92133DE7}"
EndProject
Project("{2150E333-8FDC-42A3-9474-1A3956D46DE8}") = "5.RedisCache", "5.RedisCache", "{47F3A727-DD53-4A00-AED9-19F790B5F2A5}"
EndProject
Project("{9A19103F-16F7-4668-BE54-9A1E7A4F7556}") = "redis-cache", "5.RedisCache\redis-cache\redis-cache.csproj", "{1BE59E11-D6C5-49F9-8EE7-EED25C49D45A}"
EndProject
Project("{FAE04EC0-301F-11D3-BF4B-00C04F79EFBC}") = "cosmos-db-change-feed", "cosmos-db\cosmos-db-change-feed\cosmos-db-change-feed.csproj", "{A7727E89-0D7C-4D04-BC6D-5C48A79B21B3}"
EndProject
Global
	GlobalSection(SolutionConfigurationPlatforms) = preSolution
		Debug|Any CPU = Debug|Any CPU
		Release|Any CPU = Release|Any CPU
	EndGlobalSection
	GlobalSection(ProjectConfigurationPlatforms) = postSolution
		{727C54F4-7159-405A-A66E-74578921C0C4}.Debug|Any CPU.ActiveCfg = Debug|Any CPU
		{727C54F4-7159-405A-A66E-74578921C0C4}.Debug|Any CPU.Build.0 = Debug|Any CPU
		{727C54F4-7159-405A-A66E-74578921C0C4}.Release|Any CPU.ActiveCfg = Release|Any CPU
		{727C54F4-7159-405A-A66E-74578921C0C4}.Release|Any CPU.Build.0 = Release|Any CPU
		{1094DAA0-BCFA-40CE-9100-FC54832BAEA5}.Debug|Any CPU.ActiveCfg = Debug|Any CPU
		{1094DAA0-BCFA-40CE-9100-FC54832BAEA5}.Debug|Any CPU.Build.0 = Debug|Any CPU
		{1094DAA0-BCFA-40CE-9100-FC54832BAEA5}.Release|Any CPU.ActiveCfg = Release|Any CPU
		{1094DAA0-BCFA-40CE-9100-FC54832BAEA5}.Release|Any CPU.Build.0 = Release|Any CPU
		{A3AF759D-4EBA-4EF0-B489-0BDAC530E793}.Debug|Any CPU.ActiveCfg = Debug|Any CPU
		{A3AF759D-4EBA-4EF0-B489-0BDAC530E793}.Debug|Any CPU.Build.0 = Debug|Any CPU
		{A3AF759D-4EBA-4EF0-B489-0BDAC530E793}.Release|Any CPU.ActiveCfg = Release|Any CPU
		{A3AF759D-4EBA-4EF0-B489-0BDAC530E793}.Release|Any CPU.Build.0 = Release|Any CPU
		{2F1F8D5A-1574-45E7-8215-E3117AC69D72}.Debug|Any CPU.ActiveCfg = Debug|Any CPU
		{2F1F8D5A-1574-45E7-8215-E3117AC69D72}.Debug|Any CPU.Build.0 = Debug|Any CPU
		{2F1F8D5A-1574-45E7-8215-E3117AC69D72}.Release|Any CPU.ActiveCfg = Release|Any CPU
		{2F1F8D5A-1574-45E7-8215-E3117AC69D72}.Release|Any CPU.Build.0 = Release|Any CPU
		{337F3128-1184-4569-85D3-E40E92133DE7}.Debug|Any CPU.ActiveCfg = Debug|Any CPU
		{337F3128-1184-4569-85D3-E40E92133DE7}.Debug|Any CPU.Build.0 = Debug|Any CPU
		{337F3128-1184-4569-85D3-E40E92133DE7}.Release|Any CPU.ActiveCfg = Release|Any CPU
		{337F3128-1184-4569-85D3-E40E92133DE7}.Release|Any CPU.Build.0 = Release|Any CPU
		{1BE59E11-D6C5-49F9-8EE7-EED25C49D45A}.Debug|Any CPU.ActiveCfg = Debug|Any CPU
		{1BE59E11-D6C5-49F9-8EE7-EED25C49D45A}.Debug|Any CPU.Build.0 = Debug|Any CPU
		{1BE59E11-D6C5-49F9-8EE7-EED25C49D45A}.Release|Any CPU.ActiveCfg = Release|Any CPU
		{1BE59E11-D6C5-49F9-8EE7-EED25C49D45A}.Release|Any CPU.Build.0 = Release|Any CPU
		{A7727E89-0D7C-4D04-BC6D-5C48A79B21B3}.Debug|Any CPU.ActiveCfg = Debug|Any CPU
		{A7727E89-0D7C-4D04-BC6D-5C48A79B21B3}.Debug|Any CPU.Build.0 = Debug|Any CPU
		{A7727E89-0D7C-4D04-BC6D-5C48A79B21B3}.Release|Any CPU.ActiveCfg = Release|Any CPU
		{A7727E89-0D7C-4D04-BC6D-5C48A79B21B3}.Release|Any CPU.Build.0 = Release|Any CPU
	EndGlobalSection
	GlobalSection(SolutionProperties) = preSolution
		HideSolutionNode = FALSE
	EndGlobalSection
	GlobalSection(NestedProjects) = preSolution
		{727C54F4-7159-405A-A66E-74578921C0C4} = {834A296F-B1B7-4F0D-9084-2219CF4D3C03}
		{1094DAA0-BCFA-40CE-9100-FC54832BAEA5} = {2E875FDA-48F4-4890-BEE7-494FD98561DE}
		{A3AF759D-4EBA-4EF0-B489-0BDAC530E793} = {475A553E-BA66-4754-B10F-1907D5559120}
		{2F1F8D5A-1574-45E7-8215-E3117AC69D72} = {6142B352-51BD-40E8-AB61-C9385F024C6B}
		{337F3128-1184-4569-85D3-E40E92133DE7} = {6142B352-51BD-40E8-AB61-C9385F024C6B}
		{1BE59E11-D6C5-49F9-8EE7-EED25C49D45A} = {47F3A727-DD53-4A00-AED9-19F790B5F2A5}
		{A7727E89-0D7C-4D04-BC6D-5C48A79B21B3} = {834A296F-B1B7-4F0D-9084-2219CF4D3C03}
	EndGlobalSection
	GlobalSection(ExtensibilityGlobals) = postSolution
		SolutionGuid = {3B1C43B9-5227-42EA-A8D7-8EBF24D2FCD9}
	EndGlobalSection
EndGlobal
